// !$*UTF8*$!
{
	archiveVersion = 1;
	classes = {
	};
	objectVersion = 46;
	objects = {

/* Begin PBXBuildFile section */
		5040F7AC19C648DD008B04DA /* Foundation.framework in Frameworks */ = {isa = PBXBuildFile; fileRef = 5040F7AB19C648DD008B04DA /* Foundation.framework */; };
		5040F7AE19C648DD008B04DA /* CoreGraphics.framework in Frameworks */ = {isa = PBXBuildFile; fileRef = 5040F7AD19C648DD008B04DA /* CoreGraphics.framework */; };
		5040F7B019C648DD008B04DA /* UIKit.framework in Frameworks */ = {isa = PBXBuildFile; fileRef = 5040F7AF19C648DD008B04DA /* UIKit.framework */; };
		5040F7B619C648DD008B04DA /* InfoPlist.strings in Resources */ = {isa = PBXBuildFile; fileRef = 5040F7B419C648DD008B04DA /* InfoPlist.strings */; };
		5040F7B819C648DD008B04DA /* main.m in Sources */ = {isa = PBXBuildFile; fileRef = 5040F7B719C648DD008B04DA /* main.m */; };
		5040F7BC19C648DD008B04DA /* AppDelegate.m in Sources */ = {isa = PBXBuildFile; fileRef = 5040F7BB19C648DD008B04DA /* AppDelegate.m */; };
		5040F7BF19C648DD008B04DA /* Main.storyboard in Resources */ = {isa = PBXBuildFile; fileRef = 5040F7BD19C648DD008B04DA /* Main.storyboard */; };
		5040F7C219C648DD008B04DA /* ViewController.m in Sources */ = {isa = PBXBuildFile; fileRef = 5040F7C119C648DD008B04DA /* ViewController.m */; };
		5040F7C419C648DD008B04DA /* Images.xcassets in Resources */ = {isa = PBXBuildFile; fileRef = 5040F7C319C648DD008B04DA /* Images.xcassets */; };
		5040F7CB19C648DD008B04DA /* XCTest.framework in Frameworks */ = {isa = PBXBuildFile; fileRef = 5040F7CA19C648DD008B04DA /* XCTest.framework */; };
		5040F7CC19C648DD008B04DA /* Foundation.framework in Frameworks */ = {isa = PBXBuildFile; fileRef = 5040F7AB19C648DD008B04DA /* Foundation.framework */; };
		5040F7CD19C648DD008B04DA /* UIKit.framework in Frameworks */ = {isa = PBXBuildFile; fileRef = 5040F7AF19C648DD008B04DA /* UIKit.framework */; };
		5040F7D519C648DD008B04DA /* InfoPlist.strings in Resources */ = {isa = PBXBuildFile; fileRef = 5040F7D319C648DD008B04DA /* InfoPlist.strings */; };
		5040F7D719C648DD008B04DA /* PushNotificationTestTests.m in Sources */ = {isa = PBXBuildFile; fileRef = 5040F7D619C648DD008B04DA /* PushNotificationTestTests.m */; };
		5040F7E119C64A30008B04DA /* Parse.framework in Frameworks */ = {isa = PBXBuildFile; fileRef = 5040F7E019C64A30008B04DA /* Parse.framework */; };
		5040F7E319C64A52008B04DA /* AudioToolbox.framework in Frameworks */ = {isa = PBXBuildFile; fileRef = 5040F7E219C64A52008B04DA /* AudioToolbox.framework */; };
		5040F7E519C64A62008B04DA /* CFNetwork.framework in Frameworks */ = {isa = PBXBuildFile; fileRef = 5040F7E419C64A62008B04DA /* CFNetwork.framework */; };
		5040F7E719C64A77008B04DA /* CoreLocation.framework in Frameworks */ = {isa = PBXBuildFile; fileRef = 5040F7E619C64A77008B04DA /* CoreLocation.framework */; };
		5040F7E919C64A82008B04DA /* libz.dylib in Frameworks */ = {isa = PBXBuildFile; fileRef = 5040F7E819C64A82008B04DA /* libz.dylib */; };
		5040F7EB19C64A90008B04DA /* MobileCoreServices.framework in Frameworks */ = {isa = PBXBuildFile; fileRef = 5040F7EA19C64A90008B04DA /* MobileCoreServices.framework */; };
		5040F7ED19C64A98008B04DA /* QuartzCore.framework in Frameworks */ = {isa = PBXBuildFile; fileRef = 5040F7EC19C64A98008B04DA /* QuartzCore.framework */; };
		5040F7EF19C64AA1008B04DA /* Security.framework in Frameworks */ = {isa = PBXBuildFile; fileRef = 5040F7EE19C64AA1008B04DA /* Security.framework */; };
		5040F7F119C64AAA008B04DA /* StoreKit.framework in Frameworks */ = {isa = PBXBuildFile; fileRef = 5040F7F019C64AAA008B04DA /* StoreKit.framework */; };
		5040F7F319C64ABC008B04DA /* SystemConfiguration.framework in Frameworks */ = {isa = PBXBuildFile; fileRef = 5040F7F219C64ABC008B04DA /* SystemConfiguration.framework */; };
		506AA5B219C64FCE00B158B1 /* Bolts.framework in Frameworks */ = {isa = PBXBuildFile; fileRef = 506AA5B119C64FCE00B158B1 /* Bolts.framework */; };
/* End PBXBuildFile section */

/* Begin PBXContainerItemProxy section */
		5040F7CE19C648DD008B04DA /* PBXContainerItemProxy */ = {
			isa = PBXContainerItemProxy;
			containerPortal = 5040F7A019C648DD008B04DA /* Project object */;
			proxyType = 1;
			remoteGlobalIDString = 5040F7A719C648DD008B04DA;
			remoteInfo = PushNotificationTest;
		};
/* End PBXContainerItemProxy section */

/* Begin PBXFileReference section */
		5040F7A819C648DD008B04DA /* PushNotificationTest.app */ = {isa = PBXFileReference; explicitFileType = wrapper.application; includeInIndex = 0; path = PushNotificationTest.app; sourceTree = BUILT_PRODUCTS_DIR; };
		5040F7AB19C648DD008B04DA /* Foundation.framework */ = {isa = PBXFileReference; lastKnownFileType = wrapper.framework; name = Foundation.framework; path = System/Library/Frameworks/Foundation.framework; sourceTree = SDKROOT; };
		5040F7AD19C648DD008B04DA /* CoreGraphics.framework */ = {isa = PBXFileReference; lastKnownFileType = wrapper.framework; name = CoreGraphics.framework; path = System/Library/Frameworks/CoreGraphics.framework; sourceTree = SDKROOT; };
		5040F7AF19C648DD008B04DA /* UIKit.framework */ = {isa = PBXFileReference; lastKnownFileType = wrapper.framework; name = UIKit.framework; path = System/Library/Frameworks/UIKit.framework; sourceTree = SDKROOT; };
		5040F7B319C648DD008B04DA /* PushNotificationTest-Info.plist */ = {isa = PBXFileReference; lastKnownFileType = text.plist.xml; path = "PushNotificationTest-Info.plist"; sourceTree = "<group>"; };
		5040F7B519C648DD008B04DA /* en */ = {isa = PBXFileReference; lastKnownFileType = text.plist.strings; name = en; path = en.lproj/InfoPlist.strings; sourceTree = "<group>"; };
		5040F7B719C648DD008B04DA /* main.m */ = {isa = PBXFileReference; lastKnownFileType = sourcecode.c.objc; path = main.m; sourceTree = "<group>"; };
		5040F7B919C648DD008B04DA /* PushNotificationTest-Prefix.pch */ = {isa = PBXFileReference; lastKnownFileType = sourcecode.c.h; path = "PushNotificationTest-Prefix.pch"; sourceTree = "<group>"; };
		5040F7BA19C648DD008B04DA /* AppDelegate.h */ = {isa = PBXFileReference; lastKnownFileType = sourcecode.c.h; path = AppDelegate.h; sourceTree = "<group>"; };
		5040F7BB19C648DD008B04DA /* AppDelegate.m */ = {isa = PBXFileReference; lastKnownFileType = sourcecode.c.objc; path = AppDelegate.m; sourceTree = "<group>"; };
		5040F7BE19C648DD008B04DA /* Base */ = {isa = PBXFileReference; lastKnownFileType = file.storyboard; name = Base; path = Base.lproj/Main.storyboard; sourceTree = "<group>"; };
		5040F7C019C648DD008B04DA /* ViewController.h */ = {isa = PBXFileReference; lastKnownFileType = sourcecode.c.h; path = ViewController.h; sourceTree = "<group>"; };
		5040F7C119C648DD008B04DA /* ViewController.m */ = {isa = PBXFileReference; lastKnownFileType = sourcecode.c.objc; path = ViewController.m; sourceTree = "<group>"; };
		5040F7C319C648DD008B04DA /* Images.xcassets */ = {isa = PBXFileReference; lastKnownFileType = folder.assetcatalog; path = Images.xcassets; sourceTree = "<group>"; };
		5040F7C919C648DD008B04DA /* PushNotificationTestTests.xctest */ = {isa = PBXFileReference; explicitFileType = wrapper.cfbundle; includeInIndex = 0; path = PushNotificationTestTests.xctest; sourceTree = BUILT_PRODUCTS_DIR; };
		5040F7CA19C648DD008B04DA /* XCTest.framework */ = {isa = PBXFileReference; lastKnownFileType = wrapper.framework; name = XCTest.framework; path = Library/Frameworks/XCTest.framework; sourceTree = DEVELOPER_DIR; };
		5040F7D219C648DD008B04DA /* PushNotificationTestTests-Info.plist */ = {isa = PBXFileReference; lastKnownFileType = text.plist.xml; path = "PushNotificationTestTests-Info.plist"; sourceTree = "<group>"; };
		5040F7D419C648DD008B04DA /* en */ = {isa = PBXFileReference; lastKnownFileType = text.plist.strings; name = en; path = en.lproj/InfoPlist.strings; sourceTree = "<group>"; };
		5040F7D619C648DD008B04DA /* PushNotificationTestTests.m */ = {isa = PBXFileReference; lastKnownFileType = sourcecode.c.objc; path = PushNotificationTestTests.m; sourceTree = "<group>"; };
		5040F7E019C64A30008B04DA /* Parse.framework */ = {isa = PBXFileReference; lastKnownFileType = wrapper.framework; name = Parse.framework; path = "parse-library-1.3.0/Parse.framework"; sourceTree = "<group>"; };
		5040F7E219C64A52008B04DA /* AudioToolbox.framework */ = {isa = PBXFileReference; lastKnownFileType = wrapper.framework; name = AudioToolbox.framework; path = System/Library/Frameworks/AudioToolbox.framework; sourceTree = SDKROOT; };
		5040F7E419C64A62008B04DA /* CFNetwork.framework */ = {isa = PBXFileReference; lastKnownFileType = wrapper.framework; name = CFNetwork.framework; path = System/Library/Frameworks/CFNetwork.framework; sourceTree = SDKROOT; };
		5040F7E619C64A77008B04DA /* CoreLocation.framework */ = {isa = PBXFileReference; lastKnownFileType = wrapper.framework; name = CoreLocation.framework; path = System/Library/Frameworks/CoreLocation.framework; sourceTree = SDKROOT; };
		5040F7E819C64A82008B04DA /* libz.dylib */ = {isa = PBXFileReference; lastKnownFileType = "compiled.mach-o.dylib"; name = libz.dylib; path = usr/lib/libz.dylib; sourceTree = SDKROOT; };
		5040F7EA19C64A90008B04DA /* MobileCoreServices.framework */ = {isa = PBXFileReference; lastKnownFileType = wrapper.framework; name = MobileCoreServices.framework; path = System/Library/Frameworks/MobileCoreServices.framework; sourceTree = SDKROOT; };
		5040F7EC19C64A98008B04DA /* QuartzCore.framework */ = {isa = PBXFileReference; lastKnownFileType = wrapper.framework; name = QuartzCore.framework; path = System/Library/Frameworks/QuartzCore.framework; sourceTree = SDKROOT; };
		5040F7EE19C64AA1008B04DA /* Security.framework */ = {isa = PBXFileReference; lastKnownFileType = wrapper.framework; name = Security.framework; path = System/Library/Frameworks/Security.framework; sourceTree = SDKROOT; };
		5040F7F019C64AAA008B04DA /* StoreKit.framework */ = {isa = PBXFileReference; lastKnownFileType = wrapper.framework; name = StoreKit.framework; path = System/Library/Frameworks/StoreKit.framework; sourceTree = SDKROOT; };
		5040F7F219C64ABC008B04DA /* SystemConfiguration.framework */ = {isa = PBXFileReference; lastKnownFileType = wrapper.framework; name = SystemConfiguration.framework; path = System/Library/Frameworks/SystemConfiguration.framework; sourceTree = SDKROOT; };
		506AA5B119C64FCE00B158B1 /* Bolts.framework */ = {isa = PBXFileReference; lastKnownFileType = wrapper.framework; name = Bolts.framework; path = "parse-library-1.3.0/Bolts.framework"; sourceTree = "<group>"; };
/* End PBXFileReference section */

/* Begin PBXFrameworksBuildPhase section */
		5040F7A519C648DD008B04DA /* Frameworks */ = {
			isa = PBXFrameworksBuildPhase;
			buildActionMask = 2147483647;
			files = (
				5040F7F319C64ABC008B04DA /* SystemConfiguration.framework in Frameworks */,
				5040F7F119C64AAA008B04DA /* StoreKit.framework in Frameworks */,
				5040F7EF19C64AA1008B04DA /* Security.framework in Frameworks */,
				5040F7ED19C64A98008B04DA /* QuartzCore.framework in Frameworks */,
				5040F7EB19C64A90008B04DA /* MobileCoreServices.framework in Frameworks */,
				5040F7E919C64A82008B04DA /* libz.dylib in Frameworks */,
				5040F7E719C64A77008B04DA /* CoreLocation.framework in Frameworks */,
				5040F7AE19C648DD008B04DA /* CoreGraphics.framework in Frameworks */,
				5040F7E519C64A62008B04DA /* CFNetwork.framework in Frameworks */,
				5040F7E319C64A52008B04DA /* AudioToolbox.framework in Frameworks */,
				5040F7B019C648DD008B04DA /* UIKit.framework in Frameworks */,
				5040F7E119C64A30008B04DA /* Parse.framework in Frameworks */,
				5040F7AC19C648DD008B04DA /* Foundation.framework in Frameworks */,
				506AA5B219C64FCE00B158B1 /* Bolts.framework in Frameworks */,
			);
			runOnlyForDeploymentPostprocessing = 0;
		};
		5040F7C619C648DD008B04DA /* Frameworks */ = {
			isa = PBXFrameworksBuildPhase;
			buildActionMask = 2147483647;
			files = (
				5040F7CB19C648DD008B04DA /* XCTest.framework in Frameworks */,
				5040F7CD19C648DD008B04DA /* UIKit.framework in Frameworks */,
				5040F7CC19C648DD008B04DA /* Foundation.framework in Frameworks */,
			);
			runOnlyForDeploymentPostprocessing = 0;
		};
/* End PBXFrameworksBuildPhase section */

/* Begin PBXGroup section */
		5040F79F19C648DD008B04DA = {
			isa = PBXGroup;
			children = (
				5040F7B119C648DD008B04DA /* PushNotificationTest */,
				5040F7D019C648DD008B04DA /* PushNotificationTestTests */,
				5040F7AA19C648DD008B04DA /* Frameworks */,
				5040F7A919C648DD008B04DA /* Products */,
			);
			sourceTree = "<group>";
		};
		5040F7A919C648DD008B04DA /* Products */ = {
			isa = PBXGroup;
			children = (
				5040F7A819C648DD008B04DA /* PushNotificationTest.app */,
				5040F7C919C648DD008B04DA /* PushNotificationTestTests.xctest */,
			);
			name = Products;
			sourceTree = "<group>";
		};
		5040F7AA19C648DD008B04DA /* Frameworks */ = {
			isa = PBXGroup;
			children = (
				506AA5B119C64FCE00B158B1 /* Bolts.framework */,
				5040F7F219C64ABC008B04DA /* SystemConfiguration.framework */,
				5040F7F019C64AAA008B04DA /* StoreKit.framework */,
				5040F7EE19C64AA1008B04DA /* Security.framework */,
				5040F7EC19C64A98008B04DA /* QuartzCore.framework */,
				5040F7EA19C64A90008B04DA /* MobileCoreServices.framework */,
				5040F7E819C64A82008B04DA /* libz.dylib */,
				5040F7E619C64A77008B04DA /* CoreLocation.framework */,
				5040F7E419C64A62008B04DA /* CFNetwork.framework */,
				5040F7E219C64A52008B04DA /* AudioToolbox.framework */,
				5040F7E019C64A30008B04DA /* Parse.framework */,
				5040F7AB19C648DD008B04DA /* Foundation.framework */,
				5040F7AD19C648DD008B04DA /* CoreGraphics.framework */,
				5040F7AF19C648DD008B04DA /* UIKit.framework */,
				5040F7CA19C648DD008B04DA /* XCTest.framework */,
			);
			name = Frameworks;
			sourceTree = "<group>";
		};
		5040F7B119C648DD008B04DA /* PushNotificationTest */ = {
			isa = PBXGroup;
			children = (
				5040F7BA19C648DD008B04DA /* AppDelegate.h */,
				5040F7BB19C648DD008B04DA /* AppDelegate.m */,
				5040F7BD19C648DD008B04DA /* Main.storyboard */,
				5040F7C019C648DD008B04DA /* ViewController.h */,
				5040F7C119C648DD008B04DA /* ViewController.m */,
				5040F7C319C648DD008B04DA /* Images.xcassets */,
				5040F7B219C648DD008B04DA /* Supporting Files */,
			);
			path = PushNotificationTest;
			sourceTree = "<group>";
		};
		5040F7B219C648DD008B04DA /* Supporting Files */ = {
			isa = PBXGroup;
			children = (
				5040F7B319C648DD008B04DA /* PushNotificationTest-Info.plist */,
				5040F7B419C648DD008B04DA /* InfoPlist.strings */,
				5040F7B719C648DD008B04DA /* main.m */,
				5040F7B919C648DD008B04DA /* PushNotificationTest-Prefix.pch */,
			);
			name = "Supporting Files";
			sourceTree = "<group>";
		};
		5040F7D019C648DD008B04DA /* PushNotificationTestTests */ = {
			isa = PBXGroup;
			children = (
				5040F7D619C648DD008B04DA /* PushNotificationTestTests.m */,
				5040F7D119C648DD008B04DA /* Supporting Files */,
			);
			path = PushNotificationTestTests;
			sourceTree = "<group>";
		};
		5040F7D119C648DD008B04DA /* Supporting Files */ = {
			isa = PBXGroup;
			children = (
				5040F7D219C648DD008B04DA /* PushNotificationTestTests-Info.plist */,
				5040F7D319C648DD008B04DA /* InfoPlist.strings */,
			);
			name = "Supporting Files";
			sourceTree = "<group>";
		};
/* End PBXGroup section */

/* Begin PBXNativeTarget section */
		5040F7A719C648DD008B04DA /* PushNotificationTest */ = {
			isa = PBXNativeTarget;
			buildConfigurationList = 5040F7DA19C648DD008B04DA /* Build configuration list for PBXNativeTarget "PushNotificationTest" */;
			buildPhases = (
				5040F7A419C648DD008B04DA /* Sources */,
				5040F7A519C648DD008B04DA /* Frameworks */,
				5040F7A619C648DD008B04DA /* Resources */,
			);
			buildRules = (
			);
			dependencies = (
			);
			name = PushNotificationTest;
			productName = PushNotificationTest;
			productReference = 5040F7A819C648DD008B04DA /* PushNotificationTest.app */;
			productType = "com.apple.product-type.application";
		};
		5040F7C819C648DD008B04DA /* PushNotificationTestTests */ = {
			isa = PBXNativeTarget;
			buildConfigurationList = 5040F7DD19C648DD008B04DA /* Build configuration list for PBXNativeTarget "PushNotificationTestTests" */;
			buildPhases = (
				5040F7C519C648DD008B04DA /* Sources */,
				5040F7C619C648DD008B04DA /* Frameworks */,
				5040F7C719C648DD008B04DA /* Resources */,
			);
			buildRules = (
			);
			dependencies = (
				5040F7CF19C648DD008B04DA /* PBXTargetDependency */,
			);
			name = PushNotificationTestTests;
			productName = PushNotificationTestTests;
			productReference = 5040F7C919C648DD008B04DA /* PushNotificationTestTests.xctest */;
			productType = "com.apple.product-type.bundle.unit-test";
		};
/* End PBXNativeTarget section */

/* Begin PBXProject section */
		5040F7A019C648DD008B04DA /* Project object */ = {
			isa = PBXProject;
			attributes = {
				LastUpgradeCheck = 0510;
				ORGANIZATIONNAME = "Albert Saucedo";
				TargetAttributes = {
					5040F7C819C648DD008B04DA = {
						TestTargetID = 5040F7A719C648DD008B04DA;
					};
				};
			};
			buildConfigurationList = 5040F7A319C648DD008B04DA /* Build configuration list for PBXProject "PushNotificationTest" */;
			compatibilityVersion = "Xcode 3.2";
			developmentRegion = English;
			hasScannedForEncodings = 0;
			knownRegions = (
				en,
				Base,
			);
			mainGroup = 5040F79F19C648DD008B04DA;
			productRefGroup = 5040F7A919C648DD008B04DA /* Products */;
			projectDirPath = "";
			projectRoot = "";
			targets = (
				5040F7A719C648DD008B04DA /* PushNotificationTest */,
				5040F7C819C648DD008B04DA /* PushNotificationTestTests */,
			);
		};
/* End PBXProject section */

/* Begin PBXResourcesBuildPhase section */
		5040F7A619C648DD008B04DA /* Resources */ = {
			isa = PBXResourcesBuildPhase;
			buildActionMask = 2147483647;
			files = (
				5040F7C419C648DD008B04DA /* Images.xcassets in Resources */,
				5040F7B619C648DD008B04DA /* InfoPlist.strings in Resources */,
				5040F7BF19C648DD008B04DA /* Main.storyboard in Resources */,
			);
			runOnlyForDeploymentPostprocessing = 0;
		};
		5040F7C719C648DD008B04DA /* Resources */ = {
			isa = PBXResourcesBuildPhase;
			buildActionMask = 2147483647;
			files = (
				5040F7D519C648DD008B04DA /* InfoPlist.strings in Resources */,
			);
			runOnlyForDeploymentPostprocessing = 0;
		};
/* End PBXResourcesBuildPhase section */

/* Begin PBXSourcesBuildPhase section */
		5040F7A419C648DD008B04DA /* Sources */ = {
			isa = PBXSourcesBuildPhase;
			buildActionMask = 2147483647;
			files = (
				5040F7C219C648DD008B04DA /* ViewController.m in Sources */,
				5040F7BC19C648DD008B04DA /* AppDelegate.m in Sources */,
				5040F7B819C648DD008B04DA /* main.m in Sources */,
			);
			runOnlyForDeploymentPostprocessing = 0;
		};
		5040F7C519C648DD008B04DA /* Sources */ = {
			isa = PBXSourcesBuildPhase;
			buildActionMask = 2147483647;
			files = (
				5040F7D719C648DD008B04DA /* PushNotificationTestTests.m in Sources */,
			);
			runOnlyForDeploymentPostprocessing = 0;
		};
/* End PBXSourcesBuildPhase section */

/* Begin PBXTargetDependency section */
		5040F7CF19C648DD008B04DA /* PBXTargetDependency */ = {
			isa = PBXTargetDependency;
			target = 5040F7A719C648DD008B04DA /* PushNotificationTest */;
			targetProxy = 5040F7CE19C648DD008B04DA /* PBXContainerItemProxy */;
		};
/* End PBXTargetDependency section */

/* Begin PBXVariantGroup section */
		5040F7B419C648DD008B04DA /* InfoPlist.strings */ = {
			isa = PBXVariantGroup;
			children = (
				5040F7B519C648DD008B04DA /* en */,
			);
			name = InfoPlist.strings;
			sourceTree = "<group>";
		};
		5040F7BD19C648DD008B04DA /* Main.storyboard */ = {
			isa = PBXVariantGroup;
			children = (
				5040F7BE19C648DD008B04DA /* Base */,
			);
			name = Main.storyboard;
			sourceTree = "<group>";
		};
		5040F7D319C648DD008B04DA /* InfoPlist.strings */ = {
			isa = PBXVariantGroup;
			children = (
				5040F7D419C648DD008B04DA /* en */,
			);
			name = InfoPlist.strings;
			sourceTree = "<group>";
		};
/* End PBXVariantGroup section */

/* Begin XCBuildConfiguration section */
		5040F7D819C648DD008B04DA /* Debug */ = {
			isa = XCBuildConfiguration;
			buildSettings = {
				ALWAYS_SEARCH_USER_PATHS = NO;
				CLANG_CXX_LANGUAGE_STANDARD = "gnu++0x";
				CLANG_CXX_LIBRARY = "libc++";
				CLANG_ENABLE_MODULES = YES;
				CLANG_ENABLE_OBJC_ARC = YES;
				CLANG_WARN_BOOL_CONVERSION = YES;
				CLANG_WARN_CONSTANT_CONVERSION = YES;
				CLANG_WARN_DIRECT_OBJC_ISA_USAGE = YES_ERROR;
				CLANG_WARN_EMPTY_BODY = YES;
				CLANG_WARN_ENUM_CONVERSION = YES;
				CLANG_WARN_INT_CONVERSION = YES;
				CLANG_WARN_OBJC_ROOT_CLASS = YES_ERROR;
				CLANG_WARN__DUPLICATE_METHOD_MATCH = YES;
				"CODE_SIGN_IDENTITY[sdk=iphoneos*]" = "iPhone Developer";
				COPY_PHASE_STRIP = NO;
				GCC_C_LANGUAGE_STANDARD = gnu99;
				GCC_DYNAMIC_NO_PIC = NO;
				GCC_OPTIMIZATION_LEVEL = 0;
				GCC_PREPROCESSOR_DEFINITIONS = (
					"DEBUG=1",
					"$(inherited)",
				);
				GCC_SYMBOLS_PRIVATE_EXTERN = NO;
				GCC_WARN_64_TO_32_BIT_CONVERSION = YES;
				GCC_WARN_ABOUT_RETURN_TYPE = YES_ERROR;
				GCC_WARN_UNDECLARED_SELECTOR = YES;
				GCC_WARN_UNINITIALIZED_AUTOS = YES_AGGRESSIVE;
				GCC_WARN_UNUSED_FUNCTION = YES;
				GCC_WARN_UNUSED_VARIABLE = YES;
				IPHONEOS_DEPLOYMENT_TARGET = 7.1;
				ONLY_ACTIVE_ARCH = YES;
				SDKROOT = iphoneos;
			};
			name = Debug;
		};
		5040F7D919C648DD008B04DA /* Release */ = {
			isa = XCBuildConfiguration;
			buildSettings = {
				ALWAYS_SEARCH_USER_PATHS = NO;
				CLANG_CXX_LANGUAGE_STANDARD = "gnu++0x";
				CLANG_CXX_LIBRARY = "libc++";
				CLANG_ENABLE_MODULES = YES;
				CLANG_ENABLE_OBJC_ARC = YES;
				CLANG_WARN_BOOL_CONVERSION = YES;
				CLANG_WARN_CONSTANT_CONVERSION = YES;
				CLANG_WARN_DIRECT_OBJC_ISA_USAGE = YES_ERROR;
				CLANG_WARN_EMPTY_BODY = YES;
				CLANG_WARN_ENUM_CONVERSION = YES;
				CLANG_WARN_INT_CONVERSION = YES;
				CLANG_WARN_OBJC_ROOT_CLASS = YES_ERROR;
				CLANG_WARN__DUPLICATE_METHOD_MATCH = YES;
				"CODE_SIGN_IDENTITY[sdk=iphoneos*]" = "iPhone Developer";
				COPY_PHASE_STRIP = YES;
				ENABLE_NS_ASSERTIONS = NO;
				GCC_C_LANGUAGE_STANDARD = gnu99;
				GCC_WARN_64_TO_32_BIT_CONVERSION = YES;
				GCC_WARN_ABOUT_RETURN_TYPE = YES_ERROR;
				GCC_WARN_UNDECLARED_SELECTOR = YES;
				GCC_WARN_UNINITIALIZED_AUTOS = YES_AGGRESSIVE;
				GCC_WARN_UNUSED_FUNCTION = YES;
				GCC_WARN_UNUSED_VARIABLE = YES;
				IPHONEOS_DEPLOYMENT_TARGET = 7.1;
				SDKROOT = iphoneos;
				VALIDATE_PRODUCT = YES;
			};
			name = Release;
		};
		5040F7DB19C648DD008B04DA /* Debug */ = {
			isa = XCBuildConfiguration;
			buildSettings = {
				ASSETCATALOG_COMPILER_APPICON_NAME = AppIcon;
				ASSETCATALOG_COMPILER_LAUNCHIMAGE_NAME = LaunchImage;
				FRAMEWORK_SEARCH_PATHS = (
					"$(inherited)",
					"$(PROJECT_DIR)/parse-library-1.3.0",
				);
				GCC_PRECOMPILE_PREFIX_HEADER = YES;
				GCC_PREFIX_HEADER = "PushNotificationTest/PushNotificationTest-Prefix.pch";
				INFOPLIST_FILE = "PushNotificationTest/PushNotificationTest-Info.plist";
				PRODUCT_NAME = "$(TARGET_NAME)";
				WRAPPER_EXTENSION = app;
			};
			name = Debug;
		};
		5040F7DC19C648DD008B04DA /* Release */ = {
			isa = XCBuildConfiguration;
			buildSettings = {
				ASSETCATALOG_COMPILER_APPICON_NAME = AppIcon;
				ASSETCATALOG_COMPILER_LAUNCHIMAGE_NAME = LaunchImage;
				FRAMEWORK_SEARCH_PATHS = (
					"$(inherited)",
					"$(PROJECT_DIR)/parse-library-1.3.0",
				);
				GCC_PRECOMPILE_PREFIX_HEADER = YES;
				GCC_PREFIX_HEADER = "PushNotificationTest/PushNotificationTest-Prefix.pch";
				INFOPLIST_FILE = "PushNotificationTest/PushNotificationTest-Info.plist";
				PRODUCT_NAME = "$(TARGET_NAME)";
				WRAPPER_EXTENSION = app;
			};
			name = Release;
		};
		5040F7DE19C648DD008B04DA /* Debug */ = {
			isa = XCBuildConfiguration;
			buildSettings = {
				BUNDLE_LOADER = "$(BUILT_PRODUCTS_DIR)/PushNotificationTest.app/PushNotificationTest";
				FRAMEWORK_SEARCH_PATHS = (
					"$(SDKROOT)/Developer/Library/Frameworks",
					"$(inherited)",
					"$(DEVELOPER_FRAMEWORKS_DIR)",
				);
				GCC_PRECOMPILE_PREFIX_HEADER = YES;
				GCC_PREFIX_HEADER = "PushNotificationTest/PushNotificationTest-Prefix.pch";
				GCC_PREPROCESSOR_DEFINITIONS = (
					"DEBUG=1",
					"$(inherited)",
				);
				INFOPLIST_FILE = "PushNotificationTestTests/PushNotificationTestTests-Info.plist";
				PRODUCT_NAME = "$(TARGET_NAME)";
				TEST_HOST = "$(BUNDLE_LOADER)";
				WRAPPER_EXTENSION = xctest;
			};
			name = Debug;
		};
		5040F7DF19C648DD008B04DA /* Release */ = {
			isa = XCBuildConfiguration;
			buildSettings = {
				BUNDLE_LOADER = "$(BUILT_PRODUCTS_DIR)/PushNotificationTest.app/PushNotificationTest";
				FRAMEWORK_SEARCH_PATHS = (
					"$(SDKROOT)/Developer/Library/Frameworks",
					"$(inherited)",
					"$(DEVELOPER_FRAMEWORKS_DIR)",
				);
				GCC_PRECOMPILE_PREFIX_HEADER = YES;
				GCC_PREFIX_HEADER = "PushNotificationTest/PushNotificationTest-Prefix.pch";
				INFOPLIST_FILE = "PushNotificationTestTests/PushNotificationTestTests-Info.plist";
				PRODUCT_NAME = "$(TARGET_NAME)";
				TEST_HOST = "$(BUNDLE_LOADER)";
				WRAPPER_EXTENSION = xctest;
			};
			name = Release;
		};
/* End XCBuildConfiguration section */

/* Begin XCConfigurationList section */
		5040F7A319C648DD008B04DA /* Build configuration list for PBXProject "PushNotificationTest" */ = {
			isa = XCConfigurationList;
			buildConfigurations = (
				5040F7D819C648DD008B04DA /* Debug */,
				5040F7D919C648DD008B04DA /* Release */,
			);
			defaultConfigurationIsVisible = 0;
			defaultConfigurationName = Release;
		};
		5040F7DA19C648DD008B04DA /* Build configuration list for PBXNativeTarget "PushNotificationTest" */ = {
			isa = XCConfigurationList;
			buildConfigurations = (
				5040F7DB19C648DD008B04DA /* Debug */,
				5040F7DC19C648DD008B04DA /* Release */,
			);
			defaultConfigurationIsVisible = 0;
			defaultConfigurationName = Release;
		};
		5040F7DD19C648DD008B04DA /* Build configuration list for PBXNativeTarget "PushNotificationTestTests" */ = {
			isa = XCConfigurationList;
			buildConfigurations = (
				5040F7DE19C648DD008B04DA /* Debug */,
				5040F7DF19C648DD008B04DA /* Release */,
			);
			defaultConfigurationIsVisible = 0;
			defaultConfigurationName = Release;
		};
/* End XCConfigurationList section */
	};
	rootObject = 5040F7A019C648DD008B04DA /* Project object */;
}
